
Microsoft Visual Studio Solution File, Format Version 12.00
# Visual Studio Version 16
VisualStudioVersion = 16.0.30907.101
MinimumVisualStudioVersion = 10.0.40219.1
Project("{FAE04EC0-301F-11D3-BF4B-00C04F79EFBC}") = "ClassMetotDemo", "ClassMetotDemo\ClassMetotDemo.csproj", "{A1AC8771-E870-43A2-9850-D678295088D4}"
EndProject
Global
	GlobalSection(SolutionConfigurationPlatforms) = preSolution
		Debug|Any CPU = Debug|Any CPU
		Release|Any CPU = Release|Any CPU
	EndGlobalSection
	GlobalSection(ProjectConfigurationPlatforms) = postSolution
		{A1AC8771-E870-43A2-9850-D678295088D4}.Debug|Any CPU.ActiveCfg = Debug|Any CPU
		{A1AC8771-E870-43A2-9850-D678295088D4}.Debug|Any CPU.Build.0 = Debug|Any CPU
		{A1AC8771-E870-43A2-9850-D678295088D4}.Release|Any CPU.ActiveCfg = Release|Any CPU
		{A1AC8771-E870-43A2-9850-D678295088D4}.Release|Any CPU.Build.0 = Release|Any CPU
	EndGlobalSection
	GlobalSection(SolutionProperties) = preSolution
		HideSolutionNode = FALSE
	EndGlobalSection
	GlobalSection(ExtensibilityGlobals) = postSolution
		SolutionGuid = {BBA55363-EC58-4BD0-805A-442E90CCFCDA}
	EndGlobalSection
EndGlobal
